{
  "name": "aero-coord-convert-cli",
  "version": "1.0.0",
  "lockfileVersion": 3,
  "requires": true,
  "packages": {
    "": {
      "name": "aero-coord-convert-cli",
      "version": "1.0.0",
      "license": "MIT",
      "bin": {
        "aero-coord-convert": "bin/aero-coord-convert.js"
      }
    }
  }
}
